// !$*UTF8*$!
{
	archiveVersion = 1;
	classes = {
	};
	objectVersion = 55;
	objects = {

/* Begin PBXBuildFile section */
		80230CAE277BF9660026E8E2 /* KeyDetailsRow.swift in Sources */ = {isa = PBXBuildFile; fileRef = 80230C8B277BF9650026E8E2 /* KeyDetailsRow.swift */; };
		80230CAF277BF9660026E8E2 /* KeyListItem.swift in Sources */ = {isa = PBXBuildFile; fileRef = 80230C8C277BF9650026E8E2 /* KeyListItem.swift */; };
		80230CB1277BF9660026E8E2 /* NewKeySheet.swift in Sources */ = {isa = PBXBuildFile; fileRef = 80230C90277BF9650026E8E2 /* NewKeySheet.swift */; };
		80230CB2277BF9660026E8E2 /* Collection+GroupedIntoSubSequences.swift in Sources */ = {isa = PBXBuildFile; fileRef = 80230C92277BF9650026E8E2 /* Collection+GroupedIntoSubSequences.swift */; };
		80230CB3277BF9660026E8E2 /* String+RemovingRegexMatches.swift in Sources */ = {isa = PBXBuildFile; fileRef = 80230C93277BF9650026E8E2 /* String+RemovingRegexMatches.swift */; };
		80230CB4277BF9660026E8E2 /* String+Substrings.swift in Sources */ = {isa = PBXBuildFile; fileRef = 80230C94277BF9650026E8E2 /* String+Substrings.swift */; };
		80230CB5277BF9660026E8E2 /* String+Empty.swift in Sources */ = {isa = PBXBuildFile; fileRef = 80230C95277BF9650026E8E2 /* String+Empty.swift */; };
		80230CB6277BF9660026E8E2 /* String+FormattedIntoGroupsOfFour.swift in Sources */ = {isa = PBXBuildFile; fileRef = 80230C96277BF9650026E8E2 /* String+FormattedIntoGroupsOfFour.swift */; };
		80230CB7277BF9660026E8E2 /* KeyList.swift in Sources */ = {isa = PBXBuildFile; fileRef = 80230C98277BF9650026E8E2 /* KeyList.swift */; };
		80230CB8277BF9660026E8E2 /* Sidebar.swift in Sources */ = {isa = PBXBuildFile; fileRef = 80230C99277BF9650026E8E2 /* Sidebar.swift */; };
		80230CB9277BF9660026E8E2 /* KeyDetails.swift in Sources */ = {isa = PBXBuildFile; fileRef = 80230C9A277BF9650026E8E2 /* KeyDetails.swift */; };
		80230CBA277BF9660026E8E2 /* KeyDetailsViewModel.swift in Sources */ = {isa = PBXBuildFile; fileRef = 80230C9C277BF9650026E8E2 /* KeyDetailsViewModel.swift */; };
		80230CBB277BF9660026E8E2 /* NewKeySheetViewModel.swift in Sources */ = {isa = PBXBuildFile; fileRef = 80230C9D277BF9650026E8E2 /* NewKeySheetViewModel.swift */; };
		80230CBC277BF9660026E8E2 /* KeyListViewModel.swift in Sources */ = {isa = PBXBuildFile; fileRef = 80230C9E277BF9650026E8E2 /* KeyListViewModel.swift */; };
		80230CBD277BF9660026E8E2 /* Validity.swift in Sources */ = {isa = PBXBuildFile; fileRef = 80230CA0277BF9650026E8E2 /* Validity.swift */; };
		80230CBE277BF9660026E8E2 /* GPGTask.swift in Sources */ = {isa = PBXBuildFile; fileRef = 80230CA1277BF9650026E8E2 /* GPGTask.swift */; };
		80230CBF277BF9660026E8E2 /* RecordPayload.swift in Sources */ = {isa = PBXBuildFile; fileRef = 80230CA2277BF9650026E8E2 /* RecordPayload.swift */; };
		80230CC0277BF9660026E8E2 /* Algorithm.swift in Sources */ = {isa = PBXBuildFile; fileRef = 80230CA3277BF9650026E8E2 /* Algorithm.swift */; };
		80230CC1277BF9660026E8E2 /* RecordType.swift in Sources */ = {isa = PBXBuildFile; fileRef = 80230CA4277BF9650026E8E2 /* RecordType.swift */; };
		80230CC2277BF9660026E8E2 /* Capabilities.swift in Sources */ = {isa = PBXBuildFile; fileRef = 80230CA5277BF9650026E8E2 /* Capabilities.swift */; };
		80230CC3277BF9660026E8E2 /* NestableRecordSet.swift in Sources */ = {isa = PBXBuildFile; fileRef = 80230CA6277BF9650026E8E2 /* NestableRecordSet.swift */; };
		80230CC4277BF9660026E8E2 /* UserID.swift in Sources */ = {isa = PBXBuildFile; fileRef = 80230CA7277BF9650026E8E2 /* UserID.swift */; };
		80230CC5277BF9660026E8E2 /* Key.swift in Sources */ = {isa = PBXBuildFile; fileRef = 80230CA8277BF9650026E8E2 /* Key.swift */; };
		80230CC6277BF9660026E8E2 /* PrimaryKey.swift in Sources */ = {isa = PBXBuildFile; fileRef = 80230CA9277BF9650026E8E2 /* PrimaryKey.swift */; };
		80230CC7277BF9660026E8E2 /* Record.swift in Sources */ = {isa = PBXBuildFile; fileRef = 80230CAA277BF9650026E8E2 /* Record.swift */; };
		80230CC8277BF9660026E8E2 /* RecordSet.swift in Sources */ = {isa = PBXBuildFile; fileRef = 80230CAB277BF9650026E8E2 /* RecordSet.swift */; };
		80230CC9277BF9660026E8E2 /* Shell.swift in Sources */ = {isa = PBXBuildFile; fileRef = 80230CAD277BF9660026E8E2 /* Shell.swift */; };
		80230CCD277C0CAE0026E8E2 /* SidebarViewModel.swift in Sources */ = {isa = PBXBuildFile; fileRef = 80230CCC277C0CAE0026E8E2 /* SidebarViewModel.swift */; };
		80230CCF277C112D0026E8E2 /* NewKeyOperation.swift in Sources */ = {isa = PBXBuildFile; fileRef = 80230CCE277C112D0026E8E2 /* NewKeyOperation.swift */; };
		8058D2C5277BF8E80073C812 /* HankoApp.swift in Sources */ = {isa = PBXBuildFile; fileRef = 8058D2C4277BF8E80073C812 /* HankoApp.swift */; };
		8058D2C9277BF8E90073C812 /* Assets.xcassets in Resources */ = {isa = PBXBuildFile; fileRef = 8058D2C8277BF8E90073C812 /* Assets.xcassets */; };
		8058D2CC277BF8E90073C812 /* Preview Assets.xcassets in Resources */ = {isa = PBXBuildFile; fileRef = 8058D2CB277BF8E90073C812 /* Preview Assets.xcassets */; };
/* End PBXBuildFile section */

/* Begin PBXFileReference section */
		80230C8B277BF9650026E8E2 /* KeyDetailsRow.swift */ = {isa = PBXFileReference; fileEncoding = 4; lastKnownFileType = sourcecode.swift; path = KeyDetailsRow.swift; sourceTree = "<group>"; };
		80230C8C277BF9650026E8E2 /* KeyListItem.swift */ = {isa = PBXFileReference; fileEncoding = 4; lastKnownFileType = sourcecode.swift; path = KeyListItem.swift; sourceTree = "<group>"; };
		80230C90277BF9650026E8E2 /* NewKeySheet.swift */ = {isa = PBXFileReference; fileEncoding = 4; lastKnownFileType = sourcecode.swift; path = NewKeySheet.swift; sourceTree = "<group>"; };
		80230C92277BF9650026E8E2 /* Collection+GroupedIntoSubSequences.swift */ = {isa = PBXFileReference; fileEncoding = 4; lastKnownFileType = sourcecode.swift; path = "Collection+GroupedIntoSubSequences.swift"; sourceTree = "<group>"; };
		80230C93277BF9650026E8E2 /* String+RemovingRegexMatches.swift */ = {isa = PBXFileReference; fileEncoding = 4; lastKnownFileType = sourcecode.swift; path = "String+RemovingRegexMatches.swift"; sourceTree = "<group>"; };
		80230C94277BF9650026E8E2 /* String+Substrings.swift */ = {isa = PBXFileReference; fileEncoding = 4; lastKnownFileType = sourcecode.swift; path = "String+Substrings.swift"; sourceTree = "<group>"; };
		80230C95277BF9650026E8E2 /* String+Empty.swift */ = {isa = PBXFileReference; fileEncoding = 4; lastKnownFileType = sourcecode.swift; path = "String+Empty.swift"; sourceTree = "<group>"; };
		80230C96277BF9650026E8E2 /* String+FormattedIntoGroupsOfFour.swift */ = {isa = PBXFileReference; fileEncoding = 4; lastKnownFileType = sourcecode.swift; path = "String+FormattedIntoGroupsOfFour.swift"; sourceTree = "<group>"; };
		80230C98277BF9650026E8E2 /* KeyList.swift */ = {isa = PBXFileReference; fileEncoding = 4; lastKnownFileType = sourcecode.swift; path = KeyList.swift; sourceTree = "<group>"; };
		80230C99277BF9650026E8E2 /* Sidebar.swift */ = {isa = PBXFileReference; fileEncoding = 4; lastKnownFileType = sourcecode.swift; path = Sidebar.swift; sourceTree = "<group>"; };
		80230C9A277BF9650026E8E2 /* KeyDetails.swift */ = {isa = PBXFileReference; fileEncoding = 4; lastKnownFileType = sourcecode.swift; path = KeyDetails.swift; sourceTree = "<group>"; };
		80230C9C277BF9650026E8E2 /* KeyDetailsViewModel.swift */ = {isa = PBXFileReference; fileEncoding = 4; lastKnownFileType = sourcecode.swift; path = KeyDetailsViewModel.swift; sourceTree = "<group>"; };
		80230C9D277BF9650026E8E2 /* NewKeySheetViewModel.swift */ = {isa = PBXFileReference; fileEncoding = 4; lastKnownFileType = sourcecode.swift; path = NewKeySheetViewModel.swift; sourceTree = "<group>"; };
		80230C9E277BF9650026E8E2 /* KeyListViewModel.swift */ = {isa = PBXFileReference; fileEncoding = 4; lastKnownFileType = sourcecode.swift; path = KeyListViewModel.swift; sourceTree = "<group>"; };
		80230CA0277BF9650026E8E2 /* Validity.swift */ = {isa = PBXFileReference; fileEncoding = 4; lastKnownFileType = sourcecode.swift; path = Validity.swift; sourceTree = "<group>"; };
		80230CA1277BF9650026E8E2 /* GPGTask.swift */ = {isa = PBXFileReference; fileEncoding = 4; lastKnownFileType = sourcecode.swift; path = GPGTask.swift; sourceTree = "<group>"; };
		80230CA2277BF9650026E8E2 /* RecordPayload.swift */ = {isa = PBXFileReference; fileEncoding = 4; lastKnownFileType = sourcecode.swift; path = RecordPayload.swift; sourceTree = "<group>"; };
		80230CA3277BF9650026E8E2 /* Algorithm.swift */ = {isa = PBXFileReference; fileEncoding = 4; lastKnownFileType = sourcecode.swift; path = Algorithm.swift; sourceTree = "<group>"; };
		80230CA4277BF9650026E8E2 /* RecordType.swift */ = {isa = PBXFileReference; fileEncoding = 4; lastKnownFileType = sourcecode.swift; path = RecordType.swift; sourceTree = "<group>"; };
		80230CA5277BF9650026E8E2 /* Capabilities.swift */ = {isa = PBXFileReference; fileEncoding = 4; lastKnownFileType = sourcecode.swift; path = Capabilities.swift; sourceTree = "<group>"; };
		80230CA6277BF9650026E8E2 /* NestableRecordSet.swift */ = {isa = PBXFileReference; fileEncoding = 4; lastKnownFileType = sourcecode.swift; path = NestableRecordSet.swift; sourceTree = "<group>"; };
		80230CA7277BF9650026E8E2 /* UserID.swift */ = {isa = PBXFileReference; fileEncoding = 4; lastKnownFileType = sourcecode.swift; path = UserID.swift; sourceTree = "<group>"; };
		80230CA8277BF9650026E8E2 /* Key.swift */ = {isa = PBXFileReference; fileEncoding = 4; lastKnownFileType = sourcecode.swift; path = Key.swift; sourceTree = "<group>"; };
		80230CA9277BF9650026E8E2 /* PrimaryKey.swift */ = {isa = PBXFileReference; fileEncoding = 4; lastKnownFileType = sourcecode.swift; path = PrimaryKey.swift; sourceTree = "<group>"; };
		80230CAA277BF9650026E8E2 /* Record.swift */ = {isa = PBXFileReference; fileEncoding = 4; lastKnownFileType = sourcecode.swift; path = Record.swift; sourceTree = "<group>"; };
		80230CAB277BF9650026E8E2 /* RecordSet.swift */ = {isa = PBXFileReference; fileEncoding = 4; lastKnownFileType = sourcecode.swift; path = RecordSet.swift; sourceTree = "<group>"; };
		80230CAD277BF9660026E8E2 /* Shell.swift */ = {isa = PBXFileReference; fileEncoding = 4; lastKnownFileType = sourcecode.swift; path = Shell.swift; sourceTree = "<group>"; };
		80230CCC277C0CAE0026E8E2 /* SidebarViewModel.swift */ = {isa = PBXFileReference; lastKnownFileType = sourcecode.swift; path = SidebarViewModel.swift; sourceTree = "<group>"; };
		80230CCE277C112D0026E8E2 /* NewKeyOperation.swift */ = {isa = PBXFileReference; lastKnownFileType = sourcecode.swift; path = NewKeyOperation.swift; sourceTree = "<group>"; };
		8058D2C1277BF8E80073C812 /* Hanko.app */ = {isa = PBXFileReference; explicitFileType = wrapper.application; includeInIndex = 0; path = Hanko.app; sourceTree = BUILT_PRODUCTS_DIR; };
		8058D2C4277BF8E80073C812 /* HankoApp.swift */ = {isa = PBXFileReference; lastKnownFileType = sourcecode.swift; path = HankoApp.swift; sourceTree = "<group>"; };
		8058D2C8277BF8E90073C812 /* Assets.xcassets */ = {isa = PBXFileReference; lastKnownFileType = folder.assetcatalog; path = Assets.xcassets; sourceTree = "<group>"; };
		8058D2CB277BF8E90073C812 /* Preview Assets.xcassets */ = {isa = PBXFileReference; lastKnownFileType = folder.assetcatalog; path = "Preview Assets.xcassets"; sourceTree = "<group>"; };
		8058D2CD277BF8E90073C812 /* Hanko.entitlements */ = {isa = PBXFileReference; lastKnownFileType = text.plist.entitlements; path = Hanko.entitlements; sourceTree = "<group>"; };
/* End PBXFileReference section */

/* Begin PBXFrameworksBuildPhase section */
		8058D2BE277BF8E80073C812 /* Frameworks */ = {
			isa = PBXFrameworksBuildPhase;
			buildActionMask = 2147483647;
			files = (
			);
			runOnlyForDeploymentPostprocessing = 0;
		};
/* End PBXFrameworksBuildPhase section */

/* Begin PBXGroup section */
		80230C8A277BF9650026E8E2 /* Views */ = {
			isa = PBXGroup;
			children = (
				80230C8B277BF9650026E8E2 /* KeyDetailsRow.swift */,
				80230C8C277BF9650026E8E2 /* KeyListItem.swift */,
			);
			path = Views;
			sourceTree = "<group>";
		};
		80230C8F277BF9650026E8E2 /* Sheets */ = {
			isa = PBXGroup;
			children = (
				80230C90277BF9650026E8E2 /* NewKeySheet.swift */,
			);
			path = Sheets;
			sourceTree = "<group>";
		};
		80230C91277BF9650026E8E2 /* Extensions */ = {
			isa = PBXGroup;
			children = (
				80230C92277BF9650026E8E2 /* Collection+GroupedIntoSubSequences.swift */,
				80230C93277BF9650026E8E2 /* String+RemovingRegexMatches.swift */,
				80230C94277BF9650026E8E2 /* String+Substrings.swift */,
				80230C95277BF9650026E8E2 /* String+Empty.swift */,
				80230C96277BF9650026E8E2 /* String+FormattedIntoGroupsOfFour.swift */,
			);
			path = Extensions;
			sourceTree = "<group>";
		};
		80230C97277BF9650026E8E2 /* Panes */ = {
			isa = PBXGroup;
			children = (
				80230C99277BF9650026E8E2 /* Sidebar.swift */,
				80230C98277BF9650026E8E2 /* KeyList.swift */,
				80230C9A277BF9650026E8E2 /* KeyDetails.swift */,
			);
			path = Panes;
			sourceTree = "<group>";
		};
		80230C9B277BF9650026E8E2 /* ViewModels */ = {
			isa = PBXGroup;
			children = (
				80230C9C277BF9650026E8E2 /* KeyDetailsViewModel.swift */,
				80230C9D277BF9650026E8E2 /* NewKeySheetViewModel.swift */,
				80230C9E277BF9650026E8E2 /* KeyListViewModel.swift */,
				80230CCC277C0CAE0026E8E2 /* SidebarViewModel.swift */,
			);
			path = ViewModels;
			sourceTree = "<group>";
		};
		80230C9F277BF9650026E8E2 /* Models */ = {
			isa = PBXGroup;
			children = (
				80230CA0277BF9650026E8E2 /* Validity.swift */,
				80230CA1277BF9650026E8E2 /* GPGTask.swift */,
				80230CA2277BF9650026E8E2 /* RecordPayload.swift */,
				80230CA3277BF9650026E8E2 /* Algorithm.swift */,
				80230CA4277BF9650026E8E2 /* RecordType.swift */,
				80230CA5277BF9650026E8E2 /* Capabilities.swift */,
				80230CA6277BF9650026E8E2 /* NestableRecordSet.swift */,
				80230CA7277BF9650026E8E2 /* UserID.swift */,
				80230CA8277BF9650026E8E2 /* Key.swift */,
				80230CA9277BF9650026E8E2 /* PrimaryKey.swift */,
				80230CAA277BF9650026E8E2 /* Record.swift */,
				80230CAB277BF9650026E8E2 /* RecordSet.swift */,
				80230CCE277C112D0026E8E2 /* NewKeyOperation.swift */,
			);
			path = Models;
			sourceTree = "<group>";
		};
		80230CAC277BF9660026E8E2 /* Utilities */ = {
			isa = PBXGroup;
			children = (
				80230CAD277BF9660026E8E2 /* Shell.swift */,
			);
			path = Utilities;
			sourceTree = "<group>";
		};
		8058D2B8277BF8E80073C812 = {
			isa = PBXGroup;
			children = (
				8058D2C3277BF8E80073C812 /* Hanko */,
				8058D2C2277BF8E80073C812 /* Products */,
			);
			sourceTree = "<group>";
		};
		8058D2C2277BF8E80073C812 /* Products */ = {
			isa = PBXGroup;
			children = (
				8058D2C1277BF8E80073C812 /* Hanko.app */,
			);
			name = Products;
			sourceTree = "<group>";
		};
		8058D2C3277BF8E80073C812 /* Hanko */ = {
			isa = PBXGroup;
			children = (
				80230C91277BF9650026E8E2 /* Extensions */,
				80230C9F277BF9650026E8E2 /* Models */,
				80230C97277BF9650026E8E2 /* Panes */,
				80230C8F277BF9650026E8E2 /* Sheets */,
				80230CAC277BF9660026E8E2 /* Utilities */,
				80230C9B277BF9650026E8E2 /* ViewModels */,
				80230C8A277BF9650026E8E2 /* Views */,
				8058D2C4277BF8E80073C812 /* HankoApp.swift */,
				8058D2C8277BF8E90073C812 /* Assets.xcassets */,
				8058D2CD277BF8E90073C812 /* Hanko.entitlements */,
				8058D2CA277BF8E90073C812 /* Preview Content */,
			);
			path = Hanko;
			sourceTree = "<group>";
		};
		8058D2CA277BF8E90073C812 /* Preview Content */ = {
			isa = PBXGroup;
			children = (
				8058D2CB277BF8E90073C812 /* Preview Assets.xcassets */,
			);
			path = "Preview Content";
			sourceTree = "<group>";
		};
/* End PBXGroup section */

/* Begin PBXNativeTarget section */
		8058D2C0277BF8E80073C812 /* Hanko */ = {
			isa = PBXNativeTarget;
			buildConfigurationList = 8058D2D0277BF8E90073C812 /* Build configuration list for PBXNativeTarget "Hanko" */;
			buildPhases = (
				8058D2BD277BF8E80073C812 /* Sources */,
				8058D2BE277BF8E80073C812 /* Frameworks */,
				8058D2BF277BF8E80073C812 /* Resources */,
			);
			buildRules = (
			);
			dependencies = (
			);
			name = Hanko;
			productName = Hanko;
			productReference = 8058D2C1277BF8E80073C812 /* Hanko.app */;
			productType = "com.apple.product-type.application";
		};
/* End PBXNativeTarget section */

/* Begin PBXProject section */
		8058D2B9277BF8E80073C812 /* Project object */ = {
			isa = PBXProject;
			attributes = {
				BuildIndependentTargetsInParallel = 1;
				LastSwiftUpdateCheck = 1320;
				LastUpgradeCheck = 1320;
				TargetAttributes = {
					8058D2C0277BF8E80073C812 = {
						CreatedOnToolsVersion = 13.2.1;
					};
				};
			};
			buildConfigurationList = 8058D2BC277BF8E80073C812 /* Build configuration list for PBXProject "Hanko" */;
			compatibilityVersion = "Xcode 13.0";
			developmentRegion = en;
			hasScannedForEncodings = 0;
			knownRegions = (
				en,
				Base,
			);
			mainGroup = 8058D2B8277BF8E80073C812;
			productRefGroup = 8058D2C2277BF8E80073C812 /* Products */;
			projectDirPath = "";
			projectRoot = "";
			targets = (
				8058D2C0277BF8E80073C812 /* Hanko */,
			);
		};
/* End PBXProject section */

/* Begin PBXResourcesBuildPhase section */
		8058D2BF277BF8E80073C812 /* Resources */ = {
			isa = PBXResourcesBuildPhase;
			buildActionMask = 2147483647;
			files = (
				8058D2CC277BF8E90073C812 /* Preview Assets.xcassets in Resources */,
				8058D2C9277BF8E90073C812 /* Assets.xcassets in Resources */,
			);
			runOnlyForDeploymentPostprocessing = 0;
		};
/* End PBXResourcesBuildPhase section */

/* Begin PBXSourcesBuildPhase section */
		8058D2BD277BF8E80073C812 /* Sources */ = {
			isa = PBXSourcesBuildPhase;
			buildActionMask = 2147483647;
			files = (
				80230CC2277BF9660026E8E2 /* Capabilities.swift in Sources */,
				80230CB6277BF9660026E8E2 /* String+FormattedIntoGroupsOfFour.swift in Sources */,
				80230CC0277BF9660026E8E2 /* Algorithm.swift in Sources */,
				80230CB7277BF9660026E8E2 /* KeyList.swift in Sources */,
				80230CB4277BF9660026E8E2 /* String+Substrings.swift in Sources */,
				80230CC5277BF9660026E8E2 /* Key.swift in Sources */,
				80230CBB277BF9660026E8E2 /* NewKeySheetViewModel.swift in Sources */,
				80230CB1277BF9660026E8E2 /* NewKeySheet.swift in Sources */,
				80230CB3277BF9660026E8E2 /* String+RemovingRegexMatches.swift in Sources */,
				8058D2C5277BF8E80073C812 /* HankoApp.swift in Sources */,
				80230CBC277BF9660026E8E2 /* KeyListViewModel.swift in Sources */,
				80230CC8277BF9660026E8E2 /* RecordSet.swift in Sources */,
				80230CBA277BF9660026E8E2 /* KeyDetailsViewModel.swift in Sources */,
				80230CC3277BF9660026E8E2 /* NestableRecordSet.swift in Sources */,
				80230CAF277BF9660026E8E2 /* KeyListItem.swift in Sources */,
				80230CBE277BF9660026E8E2 /* GPGTask.swift in Sources */,
				80230CAE277BF9660026E8E2 /* KeyDetailsRow.swift in Sources */,
				80230CCF277C112D0026E8E2 /* NewKeyOperation.swift in Sources */,
				80230CC6277BF9660026E8E2 /* PrimaryKey.swift in Sources */,
				80230CB8277BF9660026E8E2 /* Sidebar.swift in Sources */,
				80230CC4277BF9660026E8E2 /* UserID.swift in Sources */,
				80230CB5277BF9660026E8E2 /* String+Empty.swift in Sources */,
				80230CC7277BF9660026E8E2 /* Record.swift in Sources */,
				80230CC9277BF9660026E8E2 /* Shell.swift in Sources */,
				80230CB9277BF9660026E8E2 /* KeyDetails.swift in Sources */,
				80230CCD277C0CAE0026E8E2 /* SidebarViewModel.swift in Sources */,
				80230CC1277BF9660026E8E2 /* RecordType.swift in Sources */,
				80230CBF277BF9660026E8E2 /* RecordPayload.swift in Sources */,
				80230CB2277BF9660026E8E2 /* Collection+GroupedIntoSubSequences.swift in Sources */,
				80230CBD277BF9660026E8E2 /* Validity.swift in Sources */,
			);
			runOnlyForDeploymentPostprocessing = 0;
		};
/* End PBXSourcesBuildPhase section */

/* Begin XCBuildConfiguration section */
		8058D2CE277BF8E90073C812 /* Debug */ = {
			isa = XCBuildConfiguration;
			buildSettings = {
				ALWAYS_SEARCH_USER_PATHS = NO;
				CLANG_ANALYZER_NONNULL = YES;
				CLANG_ANALYZER_NUMBER_OBJECT_CONVERSION = YES_AGGRESSIVE;
				CLANG_CXX_LANGUAGE_STANDARD = "gnu++17";
				CLANG_CXX_LIBRARY = "libc++";
				CLANG_ENABLE_MODULES = YES;
				CLANG_ENABLE_OBJC_ARC = YES;
				CLANG_ENABLE_OBJC_WEAK = YES;
				CLANG_WARN_BLOCK_CAPTURE_AUTORELEASING = YES;
				CLANG_WARN_BOOL_CONVERSION = YES;
				CLANG_WARN_COMMA = YES;
				CLANG_WARN_CONSTANT_CONVERSION = YES;
				CLANG_WARN_DEPRECATED_OBJC_IMPLEMENTATIONS = YES;
				CLANG_WARN_DIRECT_OBJC_ISA_USAGE = YES_ERROR;
				CLANG_WARN_DOCUMENTATION_COMMENTS = YES;
				CLANG_WARN_EMPTY_BODY = YES;
				CLANG_WARN_ENUM_CONVERSION = YES;
				CLANG_WARN_INFINITE_RECURSION = YES;
				CLANG_WARN_INT_CONVERSION = YES;
				CLANG_WARN_NON_LITERAL_NULL_CONVERSION = YES;
				CLANG_WARN_OBJC_IMPLICIT_RETAIN_SELF = YES;
				CLANG_WARN_OBJC_LITERAL_CONVERSION = YES;
				CLANG_WARN_OBJC_ROOT_CLASS = YES_ERROR;
				CLANG_WARN_QUOTED_INCLUDE_IN_FRAMEWORK_HEADER = YES;
				CLANG_WARN_RANGE_LOOP_ANALYSIS = YES;
				CLANG_WARN_STRICT_PROTOTYPES = YES;
				CLANG_WARN_SUSPICIOUS_MOVE = YES;
				CLANG_WARN_UNGUARDED_AVAILABILITY = YES_AGGRESSIVE;
				CLANG_WARN_UNREACHABLE_CODE = YES;
				CLANG_WARN__DUPLICATE_METHOD_MATCH = YES;
				COPY_PHASE_STRIP = NO;
				DEBUG_INFORMATION_FORMAT = dwarf;
				ENABLE_STRICT_OBJC_MSGSEND = YES;
				ENABLE_TESTABILITY = YES;
				GCC_C_LANGUAGE_STANDARD = gnu11;
				GCC_DYNAMIC_NO_PIC = NO;
				GCC_NO_COMMON_BLOCKS = YES;
				GCC_OPTIMIZATION_LEVEL = 0;
				GCC_PREPROCESSOR_DEFINITIONS = (
					"DEBUG=1",
					"$(inherited)",
				);
				GCC_WARN_64_TO_32_BIT_CONVERSION = YES;
				GCC_WARN_ABOUT_RETURN_TYPE = YES_ERROR;
				GCC_WARN_UNDECLARED_SELECTOR = YES;
				GCC_WARN_UNINITIALIZED_AUTOS = YES_AGGRESSIVE;
				GCC_WARN_UNUSED_FUNCTION = YES;
				GCC_WARN_UNUSED_VARIABLE = YES;
				MACOSX_DEPLOYMENT_TARGET = 12.1;
				MTL_ENABLE_DEBUG_INFO = INCLUDE_SOURCE;
				MTL_FAST_MATH = YES;
				ONLY_ACTIVE_ARCH = YES;
				SDKROOT = macosx;
				SWIFT_ACTIVE_COMPILATION_CONDITIONS = DEBUG;
				SWIFT_OPTIMIZATION_LEVEL = "-Onone";
			};
			name = Debug;
		};
		8058D2CF277BF8E90073C812 /* Release */ = {
			isa = XCBuildConfiguration;
			buildSettings = {
				ALWAYS_SEARCH_USER_PATHS = NO;
				CLANG_ANALYZER_NONNULL = YES;
				CLANG_ANALYZER_NUMBER_OBJECT_CONVERSION = YES_AGGRESSIVE;
				CLANG_CXX_LANGUAGE_STANDARD = "gnu++17";
				CLANG_CXX_LIBRARY = "libc++";
				CLANG_ENABLE_MODULES = YES;
				CLANG_ENABLE_OBJC_ARC = YES;
				CLANG_ENABLE_OBJC_WEAK = YES;
				CLANG_WARN_BLOCK_CAPTURE_AUTORELEASING = YES;
				CLANG_WARN_BOOL_CONVERSION = YES;
				CLANG_WARN_COMMA = YES;
				CLANG_WARN_CONSTANT_CONVERSION = YES;
				CLANG_WARN_DEPRECATED_OBJC_IMPLEMENTATIONS = YES;
				CLANG_WARN_DIRECT_OBJC_ISA_USAGE = YES_ERROR;
				CLANG_WARN_DOCUMENTATION_COMMENTS = YES;
				CLANG_WARN_EMPTY_BODY = YES;
				CLANG_WARN_ENUM_CONVERSION = YES;
				CLANG_WARN_INFINITE_RECURSION = YES;
				CLANG_WARN_INT_CONVERSION = YES;
				CLANG_WARN_NON_LITERAL_NULL_CONVERSION = YES;
				CLANG_WARN_OBJC_IMPLICIT_RETAIN_SELF = YES;
				CLANG_WARN_OBJC_LITERAL_CONVERSION = YES;
				CLANG_WARN_OBJC_ROOT_CLASS = YES_ERROR;
				CLANG_WARN_QUOTED_INCLUDE_IN_FRAMEWORK_HEADER = YES;
				CLANG_WARN_RANGE_LOOP_ANALYSIS = YES;
				CLANG_WARN_STRICT_PROTOTYPES = YES;
				CLANG_WARN_SUSPICIOUS_MOVE = YES;
				CLANG_WARN_UNGUARDED_AVAILABILITY = YES_AGGRESSIVE;
				CLANG_WARN_UNREACHABLE_CODE = YES;
				CLANG_WARN__DUPLICATE_METHOD_MATCH = YES;
				COPY_PHASE_STRIP = NO;
				DEBUG_INFORMATION_FORMAT = "dwarf-with-dsym";
				ENABLE_NS_ASSERTIONS = NO;
				ENABLE_STRICT_OBJC_MSGSEND = YES;
				GCC_C_LANGUAGE_STANDARD = gnu11;
				GCC_NO_COMMON_BLOCKS = YES;
				GCC_WARN_64_TO_32_BIT_CONVERSION = YES;
				GCC_WARN_ABOUT_RETURN_TYPE = YES_ERROR;
				GCC_WARN_UNDECLARED_SELECTOR = YES;
				GCC_WARN_UNINITIALIZED_AUTOS = YES_AGGRESSIVE;
				GCC_WARN_UNUSED_FUNCTION = YES;
				GCC_WARN_UNUSED_VARIABLE = YES;
				MACOSX_DEPLOYMENT_TARGET = 12.1;
				MTL_ENABLE_DEBUG_INFO = NO;
				MTL_FAST_MATH = YES;
				SDKROOT = macosx;
				SWIFT_COMPILATION_MODE = wholemodule;
				SWIFT_OPTIMIZATION_LEVEL = "-O";
			};
			name = Release;
		};
		8058D2D1277BF8E90073C812 /* Debug */ = {
			isa = XCBuildConfiguration;
			buildSettings = {
				ASSETCATALOG_COMPILER_APPICON_NAME = AppIcon;
				ASSETCATALOG_COMPILER_GLOBAL_ACCENT_COLOR_NAME = AccentColor;
				CODE_SIGN_ENTITLEMENTS = Hanko/Hanko.entitlements;
				CODE_SIGN_STYLE = Automatic;
				COMBINE_HIDPI_IMAGES = YES;
				CURRENT_PROJECT_VERSION = 1;
				DEVELOPMENT_ASSET_PATHS = "\"Hanko/Preview Content\"";
				DEVELOPMENT_TEAM = 8P8574Z65P;
				ENABLE_HARDENED_RUNTIME = YES;
				ENABLE_PREVIEWS = YES;
				GENERATE_INFOPLIST_FILE = YES;
				INFOPLIST_KEY_NSHumanReadableCopyright = "";
				LD_RUNPATH_SEARCH_PATHS = (
					"$(inherited)",
					"@executable_path/../Frameworks",
				);
				MARKETING_VERSION = 1.0;
				PRODUCT_BUNDLE_IDENTIFIER = com.romsicki.Hanko;
				PRODUCT_NAME = "$(TARGET_NAME)";
				SWIFT_EMIT_LOC_STRINGS = YES;
				SWIFT_VERSION = 5.0;
			};
			name = Debug;
		};
		8058D2D2277BF8E90073C812 /* Release */ = {
			isa = XCBuildConfiguration;
			buildSettings = {
				ASSETCATALOG_COMPILER_APPICON_NAME = AppIcon;
				ASSETCATALOG_COMPILER_GLOBAL_ACCENT_COLOR_NAME = AccentColor;
				CODE_SIGN_ENTITLEMENTS = Hanko/Hanko.entitlements;
				CODE_SIGN_STYLE = Automatic;
				COMBINE_HIDPI_IMAGES = YES;
				CURRENT_PROJECT_VERSION = 1;
				DEVELOPMENT_ASSET_PATHS = "\"Hanko/Preview Content\"";
				DEVELOPMENT_TEAM = 8P8574Z65P;
				ENABLE_HARDENED_RUNTIME = YES;
				ENABLE_PREVIEWS = YES;
				GENERATE_INFOPLIST_FILE = YES;
				INFOPLIST_KEY_NSHumanReadableCopyright = "";
				LD_RUNPATH_SEARCH_PATHS = (
					"$(inherited)",
					"@executable_path/../Frameworks",
				);
				MARKETING_VERSION = 1.0;
				PRODUCT_BUNDLE_IDENTIFIER = com.romsicki.Hanko;
				PRODUCT_NAME = "$(TARGET_NAME)";
				SWIFT_EMIT_LOC_STRINGS = YES;
				SWIFT_VERSION = 5.0;
			};
			name = Release;
		};
/* End XCBuildConfiguration section */

/* Begin XCConfigurationList section */
		8058D2BC277BF8E80073C812 /* Build configuration list for PBXProject "Hanko" */ = {
			isa = XCConfigurationList;
			buildConfigurations = (
				8058D2CE277BF8E90073C812 /* Debug */,
				8058D2CF277BF8E90073C812 /* Release */,
			);
			defaultConfigurationIsVisible = 0;
			defaultConfigurationName = Release;
		};
		8058D2D0277BF8E90073C812 /* Build configuration list for PBXNativeTarget "Hanko" */ = {
			isa = XCConfigurationList;
			buildConfigurations = (
				8058D2D1277BF8E90073C812 /* Debug */,
				8058D2D2277BF8E90073C812 /* Release */,
			);
			defaultConfigurationIsVisible = 0;
			defaultConfigurationName = Release;
		};
/* End XCConfigurationList section */
	};
	rootObject = 8058D2B9277BF8E80073C812 /* Project object */;
}
